// !$*UTF8*$!
{
	archiveVersion = 1;
	classes = {
	};
	objectVersion = 50;
	objects = {

/* Begin PBXBuildFile section */
		8D5A482A250C777800A7C37C /* AppDelegate.swift in Sources */ = {isa = PBXBuildFile; fileRef = 8D5A4829250C777800A7C37C /* AppDelegate.swift */; };
		8D5A482C250C777800A7C37C /* SceneDelegate.swift in Sources */ = {isa = PBXBuildFile; fileRef = 8D5A482B250C777800A7C37C /* SceneDelegate.swift */; };
		8D5A482E250C777800A7C37C /* ContentView.swift in Sources */ = {isa = PBXBuildFile; fileRef = 8D5A482D250C777800A7C37C /* ContentView.swift */; };
		8D5A4830250C777A00A7C37C /* Assets.xcassets in Resources */ = {isa = PBXBuildFile; fileRef = 8D5A482F250C777A00A7C37C /* Assets.xcassets */; };
		8D5A4833250C777A00A7C37C /* Preview Assets.xcassets in Resources */ = {isa = PBXBuildFile; fileRef = 8D5A4832250C777A00A7C37C /* Preview Assets.xcassets */; };
		8D5A4836250C777A00A7C37C /* LaunchScreen.storyboard in Resources */ = {isa = PBXBuildFile; fileRef = 8D5A4834250C777A00A7C37C /* LaunchScreen.storyboard */; };
		8D5A4872250C791600A7C37C /* Interface.storyboard in Resources */ = {isa = PBXBuildFile; fileRef = 8D5A4870250C791600A7C37C /* Interface.storyboard */; };
		8D5A4874250C791C00A7C37C /* Assets.xcassets in Resources */ = {isa = PBXBuildFile; fileRef = 8D5A4873250C791C00A7C37C /* Assets.xcassets */; };
		8D5A487B250C791C00A7C37C /* UpBeat Watch Extension.appex in Embed App Extensions */ = {isa = PBXBuildFile; fileRef = 8D5A487A250C791C00A7C37C /* UpBeat Watch Extension.appex */; settings = {ATTRIBUTES = (RemoveHeadersOnCopy, ); }; };
		8D5A4880250C791C00A7C37C /* ContentView.swift in Sources */ = {isa = PBXBuildFile; fileRef = 8D5A487F250C791C00A7C37C /* ContentView.swift */; };
		8D5A4882250C791C00A7C37C /* HostingController.swift in Sources */ = {isa = PBXBuildFile; fileRef = 8D5A4881250C791C00A7C37C /* HostingController.swift */; };
		8D5A4884250C791C00A7C37C /* ExtensionDelegate.swift in Sources */ = {isa = PBXBuildFile; fileRef = 8D5A4883250C791C00A7C37C /* ExtensionDelegate.swift */; };
		8D5A4886250C792100A7C37C /* Assets.xcassets in Resources */ = {isa = PBXBuildFile; fileRef = 8D5A4885250C792100A7C37C /* Assets.xcassets */; };
		8D5A4889250C792200A7C37C /* Preview Assets.xcassets in Resources */ = {isa = PBXBuildFile; fileRef = 8D5A4888250C792100A7C37C /* Preview Assets.xcassets */; };
		8D5A488D250C792200A7C37C /* UpBeat Watch.app in Embed Watch Content */ = {isa = PBXBuildFile; fileRef = 8D5A486E250C791600A7C37C /* UpBeat Watch.app */; settings = {ATTRIBUTES = (RemoveHeadersOnCopy, ); }; };
/* End PBXBuildFile section */

/* Begin PBXContainerItemProxy section */
		8D5A487C250C791C00A7C37C /* PBXContainerItemProxy */ = {
			isa = PBXContainerItemProxy;
			containerPortal = 8D5A481E250C777800A7C37C /* Project object */;
			proxyType = 1;
			remoteGlobalIDString = 8D5A4879250C791C00A7C37C;
			remoteInfo = "UpBeat Watch Extension";
		};
		8D5A488B250C792200A7C37C /* PBXContainerItemProxy */ = {
			isa = PBXContainerItemProxy;
			containerPortal = 8D5A481E250C777800A7C37C /* Project object */;
			proxyType = 1;
			remoteGlobalIDString = 8D5A486D250C791600A7C37C;
			remoteInfo = "UpBeat Watch";
		};
/* End PBXContainerItemProxy section */

/* Begin PBXCopyFilesBuildPhase section */
		8D5A488E250C792200A7C37C /* Embed Watch Content */ = {
			isa = PBXCopyFilesBuildPhase;
			buildActionMask = 2147483647;
			dstPath = "$(CONTENTS_FOLDER_PATH)/Watch";
			dstSubfolderSpec = 16;
			files = (
				8D5A488D250C792200A7C37C /* UpBeat Watch.app in Embed Watch Content */,
			);
			name = "Embed Watch Content";
			runOnlyForDeploymentPostprocessing = 0;
		};
		8D5A4891250C792200A7C37C /* Embed App Extensions */ = {
			isa = PBXCopyFilesBuildPhase;
			buildActionMask = 2147483647;
			dstPath = "";
			dstSubfolderSpec = 13;
			files = (
				8D5A487B250C791C00A7C37C /* UpBeat Watch Extension.appex in Embed App Extensions */,
			);
			name = "Embed App Extensions";
			runOnlyForDeploymentPostprocessing = 0;
		};
/* End PBXCopyFilesBuildPhase section */

/* Begin PBXFileReference section */
		8D5A4826250C777800A7C37C /* UpBeat.app */ = {isa = PBXFileReference; explicitFileType = wrapper.application; includeInIndex = 0; path = UpBeat.app; sourceTree = BUILT_PRODUCTS_DIR; };
		8D5A4829250C777800A7C37C /* AppDelegate.swift */ = {isa = PBXFileReference; lastKnownFileType = sourcecode.swift; path = AppDelegate.swift; sourceTree = "<group>"; };
		8D5A482B250C777800A7C37C /* SceneDelegate.swift */ = {isa = PBXFileReference; lastKnownFileType = sourcecode.swift; path = SceneDelegate.swift; sourceTree = "<group>"; };
		8D5A482D250C777800A7C37C /* ContentView.swift */ = {isa = PBXFileReference; lastKnownFileType = sourcecode.swift; path = ContentView.swift; sourceTree = "<group>"; };
		8D5A482F250C777A00A7C37C /* Assets.xcassets */ = {isa = PBXFileReference; lastKnownFileType = folder.assetcatalog; path = Assets.xcassets; sourceTree = "<group>"; };
		8D5A4832250C777A00A7C37C /* Preview Assets.xcassets */ = {isa = PBXFileReference; lastKnownFileType = folder.assetcatalog; path = "Preview Assets.xcassets"; sourceTree = "<group>"; };
		8D5A4835250C777A00A7C37C /* Base */ = {isa = PBXFileReference; lastKnownFileType = file.storyboard; name = Base; path = Base.lproj/LaunchScreen.storyboard; sourceTree = "<group>"; };
		8D5A4837250C777A00A7C37C /* Info.plist */ = {isa = PBXFileReference; lastKnownFileType = text.plist.xml; path = Info.plist; sourceTree = "<group>"; };
		8D5A486E250C791600A7C37C /* UpBeat Watch.app */ = {isa = PBXFileReference; explicitFileType = wrapper.application; includeInIndex = 0; path = "UpBeat Watch.app"; sourceTree = BUILT_PRODUCTS_DIR; };
		8D5A4871250C791600A7C37C /* Base */ = {isa = PBXFileReference; lastKnownFileType = file.storyboard; name = Base; path = Base.lproj/Interface.storyboard; sourceTree = "<group>"; };
		8D5A4873250C791C00A7C37C /* Assets.xcassets */ = {isa = PBXFileReference; lastKnownFileType = folder.assetcatalog; path = Assets.xcassets; sourceTree = "<group>"; };
		8D5A4875250C791C00A7C37C /* Info.plist */ = {isa = PBXFileReference; lastKnownFileType = text.plist.xml; path = Info.plist; sourceTree = "<group>"; };
		8D5A487A250C791C00A7C37C /* UpBeat Watch Extension.appex */ = {isa = PBXFileReference; explicitFileType = "wrapper.app-extension"; includeInIndex = 0; path = "UpBeat Watch Extension.appex"; sourceTree = BUILT_PRODUCTS_DIR; };
		8D5A487F250C791C00A7C37C /* ContentView.swift */ = {isa = PBXFileReference; lastKnownFileType = sourcecode.swift; path = ContentView.swift; sourceTree = "<group>"; };
		8D5A4881250C791C00A7C37C /* HostingController.swift */ = {isa = PBXFileReference; lastKnownFileType = sourcecode.swift; path = HostingController.swift; sourceTree = "<group>"; };
		8D5A4883250C791C00A7C37C /* ExtensionDelegate.swift */ = {isa = PBXFileReference; lastKnownFileType = sourcecode.swift; path = ExtensionDelegate.swift; sourceTree = "<group>"; };
		8D5A4885250C792100A7C37C /* Assets.xcassets */ = {isa = PBXFileReference; lastKnownFileType = folder.assetcatalog; path = Assets.xcassets; sourceTree = "<group>"; };
		8D5A4888250C792100A7C37C /* Preview Assets.xcassets */ = {isa = PBXFileReference; lastKnownFileType = folder.assetcatalog; path = "Preview Assets.xcassets"; sourceTree = "<group>"; };
		8D5A488A250C792200A7C37C /* Info.plist */ = {isa = PBXFileReference; lastKnownFileType = text.plist.xml; path = Info.plist; sourceTree = "<group>"; };
/* End PBXFileReference section */

/* Begin PBXFrameworksBuildPhase section */
		8D5A4823250C777800A7C37C /* Frameworks */ = {
			isa = PBXFrameworksBuildPhase;
			buildActionMask = 2147483647;
			files = (
			);
			runOnlyForDeploymentPostprocessing = 0;
		};
		8D5A4877250C791C00A7C37C /* Frameworks */ = {
			isa = PBXFrameworksBuildPhase;
			buildActionMask = 2147483647;
			files = (
			);
			runOnlyForDeploymentPostprocessing = 0;
		};
/* End PBXFrameworksBuildPhase section */

/* Begin PBXGroup section */
		8D5A481D250C777800A7C37C = {
			isa = PBXGroup;
			children = (
				8D5A4828250C777800A7C37C /* UpBeat */,
				8D5A486F250C791600A7C37C /* UpBeat Watch */,
				8D5A487E250C791C00A7C37C /* UpBeat Watch Extension */,
				8D5A4827250C777800A7C37C /* Products */,
			);
			sourceTree = "<group>";
		};
		8D5A4827250C777800A7C37C /* Products */ = {
			isa = PBXGroup;
			children = (
				8D5A4826250C777800A7C37C /* UpBeat.app */,
				8D5A486E250C791600A7C37C /* UpBeat Watch.app */,
				8D5A487A250C791C00A7C37C /* UpBeat Watch Extension.appex */,
			);
			name = Products;
			sourceTree = "<group>";
		};
		8D5A4828250C777800A7C37C /* UpBeat */ = {
			isa = PBXGroup;
			children = (
				8D5A4829250C777800A7C37C /* AppDelegate.swift */,
				8D5A482B250C777800A7C37C /* SceneDelegate.swift */,
				8D5A482D250C777800A7C37C /* ContentView.swift */,
				8D5A482F250C777A00A7C37C /* Assets.xcassets */,
				8D5A4834250C777A00A7C37C /* LaunchScreen.storyboard */,
				8D5A4837250C777A00A7C37C /* Info.plist */,
				8D5A4831250C777A00A7C37C /* Preview Content */,
			);
			path = UpBeat;
			sourceTree = "<group>";
		};
		8D5A4831250C777A00A7C37C /* Preview Content */ = {
			isa = PBXGroup;
			children = (
				8D5A4832250C777A00A7C37C /* Preview Assets.xcassets */,
			);
			path = "Preview Content";
			sourceTree = "<group>";
		};
		8D5A486F250C791600A7C37C /* UpBeat Watch */ = {
			isa = PBXGroup;
			children = (
				8D5A4870250C791600A7C37C /* Interface.storyboard */,
				8D5A4873250C791C00A7C37C /* Assets.xcassets */,
				8D5A4875250C791C00A7C37C /* Info.plist */,
			);
			path = "UpBeat Watch";
			sourceTree = "<group>";
		};
		8D5A487E250C791C00A7C37C /* UpBeat Watch Extension */ = {
			isa = PBXGroup;
			children = (
				8D5A487F250C791C00A7C37C /* ContentView.swift */,
				8D5A4881250C791C00A7C37C /* HostingController.swift */,
				8D5A4883250C791C00A7C37C /* ExtensionDelegate.swift */,
				8D5A4885250C792100A7C37C /* Assets.xcassets */,
				8D5A488A250C792200A7C37C /* Info.plist */,
				8D5A4887250C792100A7C37C /* Preview Content */,
			);
			path = "UpBeat Watch Extension";
			sourceTree = "<group>";
		};
		8D5A4887250C792100A7C37C /* Preview Content */ = {
			isa = PBXGroup;
			children = (
				8D5A4888250C792100A7C37C /* Preview Assets.xcassets */,
			);
			path = "Preview Content";
			sourceTree = "<group>";
		};
/* End PBXGroup section */

/* Begin PBXNativeTarget section */
		8D5A4825250C777800A7C37C /* UpBeat */ = {
			isa = PBXNativeTarget;
			buildConfigurationList = 8D5A483A250C777A00A7C37C /* Build configuration list for PBXNativeTarget "UpBeat" */;
			buildPhases = (
				8D5A4822250C777800A7C37C /* Sources */,
				8D5A4823250C777800A7C37C /* Frameworks */,
				8D5A4824250C777800A7C37C /* Resources */,
				8D5A488E250C792200A7C37C /* Embed Watch Content */,
			);
			buildRules = (
			);
			dependencies = (
				8D5A488C250C792200A7C37C /* PBXTargetDependency */,
			);
			name = UpBeat;
			productName = UpBeat;
			productReference = 8D5A4826250C777800A7C37C /* UpBeat.app */;
			productType = "com.apple.product-type.application";
		};
		8D5A486D250C791600A7C37C /* UpBeat Watch */ = {
			isa = PBXNativeTarget;
			buildConfigurationList = 8D5A4895250C792200A7C37C /* Build configuration list for PBXNativeTarget "UpBeat Watch" */;
			buildPhases = (
				8D5A486C250C791600A7C37C /* Resources */,
				8D5A4891250C792200A7C37C /* Embed App Extensions */,
			);
			buildRules = (
			);
			dependencies = (
				8D5A487D250C791C00A7C37C /* PBXTargetDependency */,
			);
			name = "UpBeat Watch";
			productName = "UpBeat Watch";
			productReference = 8D5A486E250C791600A7C37C /* UpBeat Watch.app */;
			productType = "com.apple.product-type.application.watchapp2";
		};
		8D5A4879250C791C00A7C37C /* UpBeat Watch Extension */ = {
			isa = PBXNativeTarget;
			buildConfigurationList = 8D5A4894250C792200A7C37C /* Build configuration list for PBXNativeTarget "UpBeat Watch Extension" */;
			buildPhases = (
				8D5A4876250C791C00A7C37C /* Sources */,
				8D5A4877250C791C00A7C37C /* Frameworks */,
				8D5A4878250C791C00A7C37C /* Resources */,
			);
			buildRules = (
			);
			dependencies = (
			);
			name = "UpBeat Watch Extension";
			productName = "UpBeat Watch Extension";
			productReference = 8D5A487A250C791C00A7C37C /* UpBeat Watch Extension.appex */;
			productType = "com.apple.product-type.watchkit2-extension";
		};
/* End PBXNativeTarget section */

/* Begin PBXProject section */
		8D5A481E250C777800A7C37C /* Project object */ = {
			isa = PBXProject;
			attributes = {
				LastSwiftUpdateCheck = 1170;
				LastUpgradeCheck = 1170;
				ORGANIZATIONNAME = UpBeat;
				TargetAttributes = {
					8D5A4825250C777800A7C37C = {
						CreatedOnToolsVersion = 11.7;
					};
					8D5A486D250C791600A7C37C = {
						CreatedOnToolsVersion = 11.7;
					};
					8D5A4879250C791C00A7C37C = {
						CreatedOnToolsVersion = 11.7;
					};
				};
			};
			buildConfigurationList = 8D5A4821250C777800A7C37C /* Build configuration list for PBXProject "UpBeat" */;
			compatibilityVersion = "Xcode 9.3";
			developmentRegion = en;
			hasScannedForEncodings = 0;
			knownRegions = (
				en,
				Base,
			);
			mainGroup = 8D5A481D250C777800A7C37C;
			productRefGroup = 8D5A4827250C777800A7C37C /* Products */;
			projectDirPath = "";
			projectRoot = "";
			targets = (
				8D5A4825250C777800A7C37C /* UpBeat */,
				8D5A486D250C791600A7C37C /* UpBeat Watch */,
				8D5A4879250C791C00A7C37C /* UpBeat Watch Extension */,
			);
		};
/* End PBXProject section */

/* Begin PBXResourcesBuildPhase section */
		8D5A4824250C777800A7C37C /* Resources */ = {
			isa = PBXResourcesBuildPhase;
			buildActionMask = 2147483647;
			files = (
				8D5A4836250C777A00A7C37C /* LaunchScreen.storyboard in Resources */,
				8D5A4833250C777A00A7C37C /* Preview Assets.xcassets in Resources */,
				8D5A4830250C777A00A7C37C /* Assets.xcassets in Resources */,
			);
			runOnlyForDeploymentPostprocessing = 0;
		};
		8D5A486C250C791600A7C37C /* Resources */ = {
			isa = PBXResourcesBuildPhase;
			buildActionMask = 2147483647;
			files = (
				8D5A4874250C791C00A7C37C /* Assets.xcassets in Resources */,
				8D5A4872250C791600A7C37C /* Interface.storyboard in Resources */,
			);
			runOnlyForDeploymentPostprocessing = 0;
		};
		8D5A4878250C791C00A7C37C /* Resources */ = {
			isa = PBXResourcesBuildPhase;
			buildActionMask = 2147483647;
			files = (
				8D5A4889250C792200A7C37C /* Preview Assets.xcassets in Resources */,
				8D5A4886250C792100A7C37C /* Assets.xcassets in Resources */,
			);
			runOnlyForDeploymentPostprocessing = 0;
		};
/* End PBXResourcesBuildPhase section */

/* Begin PBXSourcesBuildPhase section */
		8D5A4822250C777800A7C37C /* Sources */ = {
			isa = PBXSourcesBuildPhase;
			buildActionMask = 2147483647;
			files = (
				8D5A482A250C777800A7C37C /* AppDelegate.swift in Sources */,
				8D5A482C250C777800A7C37C /* SceneDelegate.swift in Sources */,
				8D5A482E250C777800A7C37C /* ContentView.swift in Sources */,
			);
			runOnlyForDeploymentPostprocessing = 0;
		};
		8D5A4876250C791C00A7C37C /* Sources */ = {
			isa = PBXSourcesBuildPhase;
			buildActionMask = 2147483647;
			files = (
				8D5A4882250C791C00A7C37C /* HostingController.swift in Sources */,
				8D5A4880250C791C00A7C37C /* ContentView.swift in Sources */,
				8D5A4884250C791C00A7C37C /* ExtensionDelegate.swift in Sources */,
			);
			runOnlyForDeploymentPostprocessing = 0;
		};
/* End PBXSourcesBuildPhase section */

/* Begin PBXTargetDependency section */
		8D5A487D250C791C00A7C37C /* PBXTargetDependency */ = {
			isa = PBXTargetDependency;
			target = 8D5A4879250C791C00A7C37C /* UpBeat Watch Extension */;
			targetProxy = 8D5A487C250C791C00A7C37C /* PBXContainerItemProxy */;
		};
		8D5A488C250C792200A7C37C /* PBXTargetDependency */ = {
			isa = PBXTargetDependency;
			target = 8D5A486D250C791600A7C37C /* UpBeat Watch */;
			targetProxy = 8D5A488B250C792200A7C37C /* PBXContainerItemProxy */;
		};
/* End PBXTargetDependency section */

/* Begin PBXVariantGroup section */
		8D5A4834250C777A00A7C37C /* LaunchScreen.storyboard */ = {
			isa = PBXVariantGroup;
			children = (
				8D5A4835250C777A00A7C37C /* Base */,
			);
			name = LaunchScreen.storyboard;
			sourceTree = "<group>";
		};
		8D5A4870250C791600A7C37C /* Interface.storyboard */ = {
			isa = PBXVariantGroup;
			children = (
				8D5A4871250C791600A7C37C /* Base */,
			);
			name = Interface.storyboard;
			sourceTree = "<group>";
		};
/* End PBXVariantGroup section */

/* Begin XCBuildConfiguration section */
		8D5A4838250C777A00A7C37C /* Debug */ = {
			isa = XCBuildConfiguration;
			buildSettings = {
				ALWAYS_SEARCH_USER_PATHS = NO;
				CLANG_ANALYZER_NONNULL = YES;
				CLANG_ANALYZER_NUMBER_OBJECT_CONVERSION = YES_AGGRESSIVE;
				CLANG_CXX_LANGUAGE_STANDARD = "gnu++14";
				CLANG_CXX_LIBRARY = "libc++";
				CLANG_ENABLE_MODULES = YES;
				CLANG_ENABLE_OBJC_ARC = YES;
				CLANG_ENABLE_OBJC_WEAK = YES;
				CLANG_WARN_BLOCK_CAPTURE_AUTORELEASING = YES;
				CLANG_WARN_BOOL_CONVERSION = YES;
				CLANG_WARN_COMMA = YES;
				CLANG_WARN_CONSTANT_CONVERSION = YES;
				CLANG_WARN_DEPRECATED_OBJC_IMPLEMENTATIONS = YES;
				CLANG_WARN_DIRECT_OBJC_ISA_USAGE = YES_ERROR;
				CLANG_WARN_DOCUMENTATION_COMMENTS = YES;
				CLANG_WARN_EMPTY_BODY = YES;
				CLANG_WARN_ENUM_CONVERSION = YES;
				CLANG_WARN_INFINITE_RECURSION = YES;
				CLANG_WARN_INT_CONVERSION = YES;
				CLANG_WARN_NON_LITERAL_NULL_CONVERSION = YES;
				CLANG_WARN_OBJC_IMPLICIT_RETAIN_SELF = YES;
				CLANG_WARN_OBJC_LITERAL_CONVERSION = YES;
				CLANG_WARN_OBJC_ROOT_CLASS = YES_ERROR;
				CLANG_WARN_RANGE_LOOP_ANALYSIS = YES;
				CLANG_WARN_STRICT_PROTOTYPES = YES;
				CLANG_WARN_SUSPICIOUS_MOVE = YES;
				CLANG_WARN_UNGUARDED_AVAILABILITY = YES_AGGRESSIVE;
				CLANG_WARN_UNREACHABLE_CODE = YES;
				CLANG_WARN__DUPLICATE_METHOD_MATCH = YES;
				COPY_PHASE_STRIP = NO;
				DEBUG_INFORMATION_FORMAT = dwarf;
				ENABLE_STRICT_OBJC_MSGSEND = YES;
				ENABLE_TESTABILITY = YES;
				GCC_C_LANGUAGE_STANDARD = gnu11;
				GCC_DYNAMIC_NO_PIC = NO;
				GCC_NO_COMMON_BLOCKS = YES;
				GCC_OPTIMIZATION_LEVEL = 0;
				GCC_PREPROCESSOR_DEFINITIONS = (
					"DEBUG=1",
					"$(inherited)",
				);
				GCC_WARN_64_TO_32_BIT_CONVERSION = YES;
				GCC_WARN_ABOUT_RETURN_TYPE = YES_ERROR;
				GCC_WARN_UNDECLARED_SELECTOR = YES;
				GCC_WARN_UNINITIALIZED_AUTOS = YES_AGGRESSIVE;
				GCC_WARN_UNUSED_FUNCTION = YES;
				GCC_WARN_UNUSED_VARIABLE = YES;
				IPHONEOS_DEPLOYMENT_TARGET = 13.7;
				MTL_ENABLE_DEBUG_INFO = INCLUDE_SOURCE;
				MTL_FAST_MATH = YES;
				ONLY_ACTIVE_ARCH = YES;
				SDKROOT = iphoneos;
				SWIFT_ACTIVE_COMPILATION_CONDITIONS = DEBUG;
				SWIFT_OPTIMIZATION_LEVEL = "-Onone";
			};
			name = Debug;
		};
		8D5A4839250C777A00A7C37C /* Release */ = {
			isa = XCBuildConfiguration;
			buildSettings = {
				ALWAYS_SEARCH_USER_PATHS = NO;
				CLANG_ANALYZER_NONNULL = YES;
				CLANG_ANALYZER_NUMBER_OBJECT_CONVERSION = YES_AGGRESSIVE;
				CLANG_CXX_LANGUAGE_STANDARD = "gnu++14";
				CLANG_CXX_LIBRARY = "libc++";
				CLANG_ENABLE_MODULES = YES;
				CLANG_ENABLE_OBJC_ARC = YES;
				CLANG_ENABLE_OBJC_WEAK = YES;
				CLANG_WARN_BLOCK_CAPTURE_AUTORELEASING = YES;
				CLANG_WARN_BOOL_CONVERSION = YES;
				CLANG_WARN_COMMA = YES;
				CLANG_WARN_CONSTANT_CONVERSION = YES;
				CLANG_WARN_DEPRECATED_OBJC_IMPLEMENTATIONS = YES;
				CLANG_WARN_DIRECT_OBJC_ISA_USAGE = YES_ERROR;
				CLANG_WARN_DOCUMENTATION_COMMENTS = YES;
				CLANG_WARN_EMPTY_BODY = YES;
				CLANG_WARN_ENUM_CONVERSION = YES;
				CLANG_WARN_INFINITE_RECURSION = YES;
				CLANG_WARN_INT_CONVERSION = YES;
				CLANG_WARN_NON_LITERAL_NULL_CONVERSION = YES;
				CLANG_WARN_OBJC_IMPLICIT_RETAIN_SELF = YES;
				CLANG_WARN_OBJC_LITERAL_CONVERSION = YES;
				CLANG_WARN_OBJC_ROOT_CLASS = YES_ERROR;
				CLANG_WARN_RANGE_LOOP_ANALYSIS = YES;
				CLANG_WARN_STRICT_PROTOTYPES = YES;
				CLANG_WARN_SUSPICIOUS_MOVE = YES;
				CLANG_WARN_UNGUARDED_AVAILABILITY = YES_AGGRESSIVE;
				CLANG_WARN_UNREACHABLE_CODE = YES;
				CLANG_WARN__DUPLICATE_METHOD_MATCH = YES;
				COPY_PHASE_STRIP = NO;
				DEBUG_INFORMATION_FORMAT = "dwarf-with-dsym";
				ENABLE_NS_ASSERTIONS = NO;
				ENABLE_STRICT_OBJC_MSGSEND = YES;
				GCC_C_LANGUAGE_STANDARD = gnu11;
				GCC_NO_COMMON_BLOCKS = YES;
				GCC_WARN_64_TO_32_BIT_CONVERSION = YES;
				GCC_WARN_ABOUT_RETURN_TYPE = YES_ERROR;
				GCC_WARN_UNDECLARED_SELECTOR = YES;
				GCC_WARN_UNINITIALIZED_AUTOS = YES_AGGRESSIVE;
				GCC_WARN_UNUSED_FUNCTION = YES;
				GCC_WARN_UNUSED_VARIABLE = YES;
				IPHONEOS_DEPLOYMENT_TARGET = 13.7;
				MTL_ENABLE_DEBUG_INFO = NO;
				MTL_FAST_MATH = YES;
				SDKROOT = iphoneos;
				SWIFT_COMPILATION_MODE = wholemodule;
				SWIFT_OPTIMIZATION_LEVEL = "-O";
				VALIDATE_PRODUCT = YES;
			};
			name = Release;
		};
		8D5A483B250C777A00A7C37C /* Debug */ = {
			isa = XCBuildConfiguration;
			buildSettings = {
				ASSETCATALOG_COMPILER_APPICON_NAME = AppIcon;
				CODE_SIGN_STYLE = Automatic;
				DEVELOPMENT_ASSET_PATHS = "\"UpBeat/Preview Content\"";
				ENABLE_PREVIEWS = YES;
				INFOPLIST_FILE = UpBeat/Info.plist;
				LD_RUNPATH_SEARCH_PATHS = (
					"$(inherited)",
					"@executable_path/Frameworks",
				);
				PRODUCT_BUNDLE_IDENTIFIER = com.upbeat.UpBeat;
				PRODUCT_NAME = "$(TARGET_NAME)";
				SWIFT_VERSION = 5.0;
				TARGETED_DEVICE_FAMILY = "1,2";
			};
			name = Debug;
		};
		8D5A483C250C777A00A7C37C /* Release */ = {
			isa = XCBuildConfiguration;
			buildSettings = {
				ASSETCATALOG_COMPILER_APPICON_NAME = AppIcon;
				CODE_SIGN_STYLE = Automatic;
				DEVELOPMENT_ASSET_PATHS = "\"UpBeat/Preview Content\"";
				ENABLE_PREVIEWS = YES;
				INFOPLIST_FILE = UpBeat/Info.plist;
				LD_RUNPATH_SEARCH_PATHS = (
					"$(inherited)",
					"@executable_path/Frameworks",
				);
				PRODUCT_BUNDLE_IDENTIFIER = com.upbeat.UpBeat;
				PRODUCT_NAME = "$(TARGET_NAME)";
				SWIFT_VERSION = 5.0;
				TARGETED_DEVICE_FAMILY = "1,2";
			};
			name = Release;
		};
		8D5A488F250C792200A7C37C /* Debug */ = {
			isa = XCBuildConfiguration;
			buildSettings = {
				ALWAYS_EMBED_SWIFT_STANDARD_LIBRARIES = YES;
				ASSETCATALOG_COMPILER_APPICON_NAME = AppIcon;
				CODE_SIGN_STYLE = Automatic;
				IBSC_MODULE = UpBeat_Watch_Extension;
				INFOPLIST_FILE = "UpBeat Watch/Info.plist";
				PRODUCT_BUNDLE_IDENTIFIER = com.upbeat.UpBeat.watchkitapp;
				PRODUCT_NAME = "$(TARGET_NAME)";
				SDKROOT = watchos;
				SKIP_INSTALL = YES;
				SWIFT_VERSION = 5.0;
				TARGETED_DEVICE_FAMILY = 4;
				WATCHOS_DEPLOYMENT_TARGET = 6.2;
			};
			name = Debug;
		};
		8D5A4890250C792200A7C37C /* Release */ = {
			isa = XCBuildConfiguration;
			buildSettings = {
				ALWAYS_EMBED_SWIFT_STANDARD_LIBRARIES = YES;
				ASSETCATALOG_COMPILER_APPICON_NAME = AppIcon;
				CODE_SIGN_STYLE = Automatic;
				IBSC_MODULE = UpBeat_Watch_Extension;
				INFOPLIST_FILE = "UpBeat Watch/Info.plist";
				PRODUCT_BUNDLE_IDENTIFIER = com.upbeat.UpBeat.watchkitapp;
				PRODUCT_NAME = "$(TARGET_NAME)";
				SDKROOT = watchos;
				SKIP_INSTALL = YES;
				SWIFT_VERSION = 5.0;
				TARGETED_DEVICE_FAMILY = 4;
				WATCHOS_DEPLOYMENT_TARGET = 6.2;
			};
			name = Release;
		};
		8D5A4892250C792200A7C37C /* Debug */ = {
			isa = XCBuildConfiguration;
			buildSettings = {
				ASSETCATALOG_COMPILER_COMPLICATION_NAME = Complication;
				CODE_SIGN_STYLE = Automatic;
				DEVELOPMENT_ASSET_PATHS = "\"UpBeat Watch Extension/Preview Content\"";
				ENABLE_PREVIEWS = YES;
				INFOPLIST_FILE = "UpBeat Watch Extension/Info.plist";
				LD_RUNPATH_SEARCH_PATHS = (
					"$(inherited)",
					"@executable_path/Frameworks",
					"@executable_path/../../Frameworks",
				);
				PRODUCT_BUNDLE_IDENTIFIER = com.upbeat.UpBeat.watchkitapp.watchkitextension;
				PRODUCT_NAME = "${TARGET_NAME}";
				SDKROOT = watchos;
				SKIP_INSTALL = YES;
				SWIFT_VERSION = 5.0;
				TARGETED_DEVICE_FAMILY = 4;
				WATCHOS_DEPLOYMENT_TARGET = 6.2;
			};
			name = Debug;
		};
		8D5A4893250C792200A7C37C /* Release */ = {
			isa = XCBuildConfiguration;
			buildSettings = {
				ASSETCATALOG_COMPILER_COMPLICATION_NAME = Complication;
				CODE_SIGN_STYLE = Automatic;
				DEVELOPMENT_ASSET_PATHS = "\"UpBeat Watch Extension/Preview Content\"";
				ENABLE_PREVIEWS = YES;
				INFOPLIST_FILE = "UpBeat Watch Extension/Info.plist";
				LD_RUNPATH_SEARCH_PATHS = (
					"$(inherited)",
					"@executable_path/Frameworks",
					"@executable_path/../../Frameworks",
				);
				PRODUCT_BUNDLE_IDENTIFIER = com.upbeat.UpBeat.watchkitapp.watchkitextension;
				PRODUCT_NAME = "${TARGET_NAME}";
				SDKROOT = watchos;
				SKIP_INSTALL = YES;
				SWIFT_VERSION = 5.0;
				TARGETED_DEVICE_FAMILY = 4;
				WATCHOS_DEPLOYMENT_TARGET = 6.2;
			};
			name = Release;
		};
/* End XCBuildConfiguration section */

/* Begin XCConfigurationList section */
		8D5A4821250C777800A7C37C /* Build configuration list for PBXProject "UpBeat" */ = {
			isa = XCConfigurationList;
			buildConfigurations = (
				8D5A4838250C777A00A7C37C /* Debug */,
				8D5A4839250C777A00A7C37C /* Release */,
			);
			defaultConfigurationIsVisible = 0;
			defaultConfigurationName = Release;
		};
		8D5A483A250C777A00A7C37C /* Build configuration list for PBXNativeTarget "UpBeat" */ = {
			isa = XCConfigurationList;
			buildConfigurations = (
				8D5A483B250C777A00A7C37C /* Debug */,
				8D5A483C250C777A00A7C37C /* Release */,
			);
			defaultConfigurationIsVisible = 0;
			defaultConfigurationName = Release;
		};
		8D5A4894250C792200A7C37C /* Build configuration list for PBXNativeTarget "UpBeat Watch Extension" */ = {
			isa = XCConfigurationList;
			buildConfigurations = (
				8D5A4892250C792200A7C37C /* Debug */,
				8D5A4893250C792200A7C37C /* Release */,
			);
			defaultConfigurationIsVisible = 0;
			defaultConfigurationName = Release;
		};
		8D5A4895250C792200A7C37C /* Build configuration list for PBXNativeTarget "UpBeat Watch" */ = {
			isa = XCConfigurationList;
			buildConfigurations = (
				8D5A488F250C792200A7C37C /* Debug */,
				8D5A4890250C792200A7C37C /* Release */,
			);
			defaultConfigurationIsVisible = 0;
			defaultConfigurationName = Release;
		};
/* End XCConfigurationList section */
	};
	rootObject = 8D5A481E250C777800A7C37C /* Project object */;
}
